
Microsoft Visual Studio Solution File, Format Version 12.00
Project("{FAE04EC0-301F-11D3-BF4B-00C04F79EFBC}") = "LogTimedOperationVia_using", "LogTimedOperationVia_using.csproj", "{2E4FE3E1-0FA8-4371-A442-48E0A1B17EAB}"
EndProject
Global
	GlobalSection(SolutionConfigurationPlatforms) = preSolution
		Debug|Any CPU = Debug|Any CPU
		Release|Any CPU = Release|Any CPU
	EndGlobalSection
	GlobalSection(ProjectConfigurationPlatforms) = postSolution
		{2E4FE3E1-0FA8-4371-A442-48E0A1B17EAB}.Debug|Any CPU.ActiveCfg = Debug|Any CPU
		{2E4FE3E1-0FA8-4371-A442-48E0A1B17EAB}.Debug|Any CPU.Build.0 = Debug|Any CPU
		{2E4FE3E1-0FA8-4371-A442-48E0A1B17EAB}.Release|Any CPU.ActiveCfg = Release|Any CPU
		{2E4FE3E1-0FA8-4371-A442-48E0A1B17EAB}.Release|Any CPU.Build.0 = Release|Any CPU
	EndGlobalSection
EndGlobal
